
Microsoft Visual Studio Solution File, Format Version 12.00
# Visual Studio Version 17
VisualStudioVersion = 17.2.32616.157
MinimumVisualStudioVersion = 10.0.40219.1
Project("{FAE04EC0-301F-11D3-BF4B-00C04F79EFBC}") = "WebApiLearning", "WebApiLearning.csproj", "{966F5BAD-3FC8-40BE-8CE8-369B51D71A14}"
EndProject
Global
	GlobalSection(SolutionConfigurationPlatforms) = preSolution
		Debug|Any CPU = Debug|Any CPU
		Release|Any CPU = Release|Any CPU
	EndGlobalSection
	GlobalSection(ProjectConfigurationPlatforms) = postSolution
		{966F5BAD-3FC8-40BE-8CE8-369B51D71A14}.Debug|Any CPU.ActiveCfg = Debug|Any CPU
		{966F5BAD-3FC8-40BE-8CE8-369B51D71A14}.Debug|Any CPU.Build.0 = Debug|Any CPU
		{966F5BAD-3FC8-40BE-8CE8-369B51D71A14}.Release|Any CPU.ActiveCfg = Release|Any CPU
		{966F5BAD-3FC8-40BE-8CE8-369B51D71A14}.Release|Any CPU.Build.0 = Release|Any CPU
	EndGlobalSection
	GlobalSection(SolutionProperties) = preSolution
		HideSolutionNode = FALSE
	EndGlobalSection
	GlobalSection(ExtensibilityGlobals) = postSolution
		SolutionGuid = {9273A24C-ECC8-46F2-B138-CAD6C66271B2}
	EndGlobalSection
EndGlobal
